// !$*UTF8*$!
{
	archiveVersion = 1;
	classes = {
	};
	objectVersion = 55;
	objects = {

/* Begin PBXBuildFile section */
		4DCAA5D229093F62007A678B /* SlotsChallengeApp.swift in Sources */ = {isa = PBXBuildFile; fileRef = 4DCAA5D129093F62007A678B /* SlotsChallengeApp.swift */; };
		4DCAA5D429093F62007A678B /* ContentView.swift in Sources */ = {isa = PBXBuildFile; fileRef = 4DCAA5D329093F62007A678B /* ContentView.swift */; };
		4DCAA5D629093F63007A678B /* Assets.xcassets in Resources */ = {isa = PBXBuildFile; fileRef = 4DCAA5D529093F63007A678B /* Assets.xcassets */; };
		4DCAA5D929093F63007A678B /* Preview Assets.xcassets in Resources */ = {isa = PBXBuildFile; fileRef = 4DCAA5D829093F63007A678B /* Preview Assets.xcassets */; };
		4DCAA5E329093F63007A678B /* SlotsChallengeTests.swift in Sources */ = {isa = PBXBuildFile; fileRef = 4DCAA5E229093F63007A678B /* SlotsChallengeTests.swift */; };
		4DCAA5ED29093F63007A678B /* SlotsChallengeUITests.swift in Sources */ = {isa = PBXBuildFile; fileRef = 4DCAA5EC29093F63007A678B /* SlotsChallengeUITests.swift */; };
		4DCAA5EF29093F63007A678B /* SlotsChallengeUITestsLaunchTests.swift in Sources */ = {isa = PBXBuildFile; fileRef = 4DCAA5EE29093F63007A678B /* SlotsChallengeUITestsLaunchTests.swift */; };
/* End PBXBuildFile section */

/* Begin PBXContainerItemProxy section */
		4DCAA5DF29093F63007A678B /* PBXContainerItemProxy */ = {
			isa = PBXContainerItemProxy;
			containerPortal = 4DCAA5C629093F62007A678B /* Project object */;
			proxyType = 1;
			remoteGlobalIDString = 4DCAA5CD29093F62007A678B;
			remoteInfo = SlotsChallenge;
		};
		4DCAA5E929093F63007A678B /* PBXContainerItemProxy */ = {
			isa = PBXContainerItemProxy;
			containerPortal = 4DCAA5C629093F62007A678B /* Project object */;
			proxyType = 1;
			remoteGlobalIDString = 4DCAA5CD29093F62007A678B;
			remoteInfo = SlotsChallenge;
		};
/* End PBXContainerItemProxy section */

/* Begin PBXFileReference section */
		4DCAA5CE29093F62007A678B /* SlotsChallenge.app */ = {isa = PBXFileReference; explicitFileType = wrapper.application; includeInIndex = 0; path = SlotsChallenge.app; sourceTree = BUILT_PRODUCTS_DIR; };
		4DCAA5D129093F62007A678B /* SlotsChallengeApp.swift */ = {isa = PBXFileReference; lastKnownFileType = sourcecode.swift; path = SlotsChallengeApp.swift; sourceTree = "<group>"; };
		4DCAA5D329093F62007A678B /* ContentView.swift */ = {isa = PBXFileReference; lastKnownFileType = sourcecode.swift; path = ContentView.swift; sourceTree = "<group>"; };
		4DCAA5D529093F63007A678B /* Assets.xcassets */ = {isa = PBXFileReference; lastKnownFileType = folder.assetcatalog; path = Assets.xcassets; sourceTree = "<group>"; };
		4DCAA5D829093F63007A678B /* Preview Assets.xcassets */ = {isa = PBXFileReference; lastKnownFileType = folder.assetcatalog; path = "Preview Assets.xcassets"; sourceTree = "<group>"; };
		4DCAA5DE29093F63007A678B /* SlotsChallengeTests.xctest */ = {isa = PBXFileReference; explicitFileType = wrapper.cfbundle; includeInIndex = 0; path = SlotsChallengeTests.xctest; sourceTree = BUILT_PRODUCTS_DIR; };
		4DCAA5E229093F63007A678B /* SlotsChallengeTests.swift */ = {isa = PBXFileReference; lastKnownFileType = sourcecode.swift; path = SlotsChallengeTests.swift; sourceTree = "<group>"; };
		4DCAA5E829093F63007A678B /* SlotsChallengeUITests.xctest */ = {isa = PBXFileReference; explicitFileType = wrapper.cfbundle; includeInIndex = 0; path = SlotsChallengeUITests.xctest; sourceTree = BUILT_PRODUCTS_DIR; };
		4DCAA5EC29093F63007A678B /* SlotsChallengeUITests.swift */ = {isa = PBXFileReference; lastKnownFileType = sourcecode.swift; path = SlotsChallengeUITests.swift; sourceTree = "<group>"; };
		4DCAA5EE29093F63007A678B /* SlotsChallengeUITestsLaunchTests.swift */ = {isa = PBXFileReference; lastKnownFileType = sourcecode.swift; path = SlotsChallengeUITestsLaunchTests.swift; sourceTree = "<group>"; };
/* End PBXFileReference section */

/* Begin PBXFrameworksBuildPhase section */
		4DCAA5CB29093F62007A678B /* Frameworks */ = {
			isa = PBXFrameworksBuildPhase;
			buildActionMask = 2147483647;
			files = (
			);
			runOnlyForDeploymentPostprocessing = 0;
		};
		4DCAA5DB29093F63007A678B /* Frameworks */ = {
			isa = PBXFrameworksBuildPhase;
			buildActionMask = 2147483647;
			files = (
			);
			runOnlyForDeploymentPostprocessing = 0;
		};
		4DCAA5E529093F63007A678B /* Frameworks */ = {
			isa = PBXFrameworksBuildPhase;
			buildActionMask = 2147483647;
			files = (
			);
			runOnlyForDeploymentPostprocessing = 0;
		};
/* End PBXFrameworksBuildPhase section */

/* Begin PBXGroup section */
		4DCAA5C529093F62007A678B = {
			isa = PBXGroup;
			children = (
				4DCAA5D029093F62007A678B /* SlotsChallenge */,
				4DCAA5E129093F63007A678B /* SlotsChallengeTests */,
				4DCAA5EB29093F63007A678B /* SlotsChallengeUITests */,
				4DCAA5CF29093F62007A678B /* Products */,
			);
			sourceTree = "<group>";
		};
		4DCAA5CF29093F62007A678B /* Products */ = {
			isa = PBXGroup;
			children = (
				4DCAA5CE29093F62007A678B /* SlotsChallenge.app */,
				4DCAA5DE29093F63007A678B /* SlotsChallengeTests.xctest */,
				4DCAA5E829093F63007A678B /* SlotsChallengeUITests.xctest */,
			);
			name = Products;
			sourceTree = "<group>";
		};
		4DCAA5D029093F62007A678B /* SlotsChallenge */ = {
			isa = PBXGroup;
			children = (
				4DCAA5D129093F62007A678B /* SlotsChallengeApp.swift */,
				4DCAA5D329093F62007A678B /* ContentView.swift */,
				4DCAA5D529093F63007A678B /* Assets.xcassets */,
				4DCAA5D729093F63007A678B /* Preview Content */,
			);
			path = SlotsChallenge;
			sourceTree = "<group>";
		};
		4DCAA5D729093F63007A678B /* Preview Content */ = {
			isa = PBXGroup;
			children = (
				4DCAA5D829093F63007A678B /* Preview Assets.xcassets */,
			);
			path = "Preview Content";
			sourceTree = "<group>";
		};
		4DCAA5E129093F63007A678B /* SlotsChallengeTests */ = {
			isa = PBXGroup;
			children = (
				4DCAA5E229093F63007A678B /* SlotsChallengeTests.swift */,
			);
			path = SlotsChallengeTests;
			sourceTree = "<group>";
		};
		4DCAA5EB29093F63007A678B /* SlotsChallengeUITests */ = {
			isa = PBXGroup;
			children = (
				4DCAA5EC29093F63007A678B /* SlotsChallengeUITests.swift */,
				4DCAA5EE29093F63007A678B /* SlotsChallengeUITestsLaunchTests.swift */,
			);
			path = SlotsChallengeUITests;
			sourceTree = "<group>";
		};
/* End PBXGroup section */

/* Begin PBXNativeTarget section */
		4DCAA5CD29093F62007A678B /* SlotsChallenge */ = {
			isa = PBXNativeTarget;
			buildConfigurationList = 4DCAA5F229093F63007A678B /* Build configuration list for PBXNativeTarget "SlotsChallenge" */;
			buildPhases = (
				4DCAA5CA29093F62007A678B /* Sources */,
				4DCAA5CB29093F62007A678B /* Frameworks */,
				4DCAA5CC29093F62007A678B /* Resources */,
			);
			buildRules = (
			);
			dependencies = (
			);
			name = SlotsChallenge;
			productName = SlotsChallenge;
			productReference = 4DCAA5CE29093F62007A678B /* SlotsChallenge.app */;
			productType = "com.apple.product-type.application";
		};
		4DCAA5DD29093F63007A678B /* SlotsChallengeTests */ = {
			isa = PBXNativeTarget;
			buildConfigurationList = 4DCAA5F529093F63007A678B /* Build configuration list for PBXNativeTarget "SlotsChallengeTests" */;
			buildPhases = (
				4DCAA5DA29093F63007A678B /* Sources */,
				4DCAA5DB29093F63007A678B /* Frameworks */,
				4DCAA5DC29093F63007A678B /* Resources */,
			);
			buildRules = (
			);
			dependencies = (
				4DCAA5E029093F63007A678B /* PBXTargetDependency */,
			);
			name = SlotsChallengeTests;
			productName = SlotsChallengeTests;
			productReference = 4DCAA5DE29093F63007A678B /* SlotsChallengeTests.xctest */;
			productType = "com.apple.product-type.bundle.unit-test";
		};
		4DCAA5E729093F63007A678B /* SlotsChallengeUITests */ = {
			isa = PBXNativeTarget;
			buildConfigurationList = 4DCAA5F829093F63007A678B /* Build configuration list for PBXNativeTarget "SlotsChallengeUITests" */;
			buildPhases = (
				4DCAA5E429093F63007A678B /* Sources */,
				4DCAA5E529093F63007A678B /* Frameworks */,
				4DCAA5E629093F63007A678B /* Resources */,
			);
			buildRules = (
			);
			dependencies = (
				4DCAA5EA29093F63007A678B /* PBXTargetDependency */,
			);
			name = SlotsChallengeUITests;
			productName = SlotsChallengeUITests;
			productReference = 4DCAA5E829093F63007A678B /* SlotsChallengeUITests.xctest */;
			productType = "com.apple.product-type.bundle.ui-testing";
		};
/* End PBXNativeTarget section */

/* Begin PBXProject section */
		4DCAA5C629093F62007A678B /* Project object */ = {
			isa = PBXProject;
			attributes = {
				BuildIndependentTargetsInParallel = 1;
				LastSwiftUpdateCheck = 1340;
				LastUpgradeCheck = 1340;
				TargetAttributes = {
					4DCAA5CD29093F62007A678B = {
						CreatedOnToolsVersion = 13.4.1;
					};
					4DCAA5DD29093F63007A678B = {
						CreatedOnToolsVersion = 13.4.1;
						TestTargetID = 4DCAA5CD29093F62007A678B;
					};
					4DCAA5E729093F63007A678B = {
						CreatedOnToolsVersion = 13.4.1;
						TestTargetID = 4DCAA5CD29093F62007A678B;
					};
				};
			};
			buildConfigurationList = 4DCAA5C929093F62007A678B /* Build configuration list for PBXProject "SlotsChallenge" */;
			compatibilityVersion = "Xcode 13.0";
			developmentRegion = en;
			hasScannedForEncodings = 0;
			knownRegions = (
				en,
				Base,
			);
			mainGroup = 4DCAA5C529093F62007A678B;
			productRefGroup = 4DCAA5CF29093F62007A678B /* Products */;
			projectDirPath = "";
			projectRoot = "";
			targets = (
				4DCAA5CD29093F62007A678B /* SlotsChallenge */,
				4DCAA5DD29093F63007A678B /* SlotsChallengeTests */,
				4DCAA5E729093F63007A678B /* SlotsChallengeUITests */,
			);
		};
/* End PBXProject section */

/* Begin PBXResourcesBuildPhase section */
		4DCAA5CC29093F62007A678B /* Resources */ = {
			isa = PBXResourcesBuildPhase;
			buildActionMask = 2147483647;
			files = (
				4DCAA5D929093F63007A678B /* Preview Assets.xcassets in Resources */,
				4DCAA5D629093F63007A678B /* Assets.xcassets in Resources */,
			);
			runOnlyForDeploymentPostprocessing = 0;
		};
		4DCAA5DC29093F63007A678B /* Resources */ = {
			isa = PBXResourcesBuildPhase;
			buildActionMask = 2147483647;
			files = (
			);
			runOnlyForDeploymentPostprocessing = 0;
		};
		4DCAA5E629093F63007A678B /* Resources */ = {
			isa = PBXResourcesBuildPhase;
			buildActionMask = 2147483647;
			files = (
			);
			runOnlyForDeploymentPostprocessing = 0;
		};
/* End PBXResourcesBuildPhase section */

/* Begin PBXSourcesBuildPhase section */
		4DCAA5CA29093F62007A678B /* Sources */ = {
			isa = PBXSourcesBuildPhase;
			buildActionMask = 2147483647;
			files = (
				4DCAA5D429093F62007A678B /* ContentView.swift in Sources */,
				4DCAA5D229093F62007A678B /* SlotsChallengeApp.swift in Sources */,
			);
			runOnlyForDeploymentPostprocessing = 0;
		};
		4DCAA5DA29093F63007A678B /* Sources */ = {
			isa = PBXSourcesBuildPhase;
			buildActionMask = 2147483647;
			files = (
				4DCAA5E329093F63007A678B /* SlotsChallengeTests.swift in Sources */,
			);
			runOnlyForDeploymentPostprocessing = 0;
		};
		4DCAA5E429093F63007A678B /* Sources */ = {
			isa = PBXSourcesBuildPhase;
			buildActionMask = 2147483647;
			files = (
				4DCAA5EF29093F63007A678B /* SlotsChallengeUITestsLaunchTests.swift in Sources */,
				4DCAA5ED29093F63007A678B /* SlotsChallengeUITests.swift in Sources */,
			);
			runOnlyForDeploymentPostprocessing = 0;
		};
/* End PBXSourcesBuildPhase section */

/* Begin PBXTargetDependency section */
		4DCAA5E029093F63007A678B /* PBXTargetDependency */ = {
			isa = PBXTargetDependency;
			target = 4DCAA5CD29093F62007A678B /* SlotsChallenge */;
			targetProxy = 4DCAA5DF29093F63007A678B /* PBXContainerItemProxy */;
		};
		4DCAA5EA29093F63007A678B /* PBXTargetDependency */ = {
			isa = PBXTargetDependency;
			target = 4DCAA5CD29093F62007A678B /* SlotsChallenge */;
			targetProxy = 4DCAA5E929093F63007A678B /* PBXContainerItemProxy */;
		};
/* End PBXTargetDependency section */

/* Begin XCBuildConfiguration section */
		4DCAA5F029093F63007A678B /* Debug */ = {
			isa = XCBuildConfiguration;
			buildSettings = {
				ALWAYS_SEARCH_USER_PATHS = NO;
				CLANG_ANALYZER_NONNULL = YES;
				CLANG_ANALYZER_NUMBER_OBJECT_CONVERSION = YES_AGGRESSIVE;
				CLANG_CXX_LANGUAGE_STANDARD = "gnu++17";
				CLANG_ENABLE_MODULES = YES;
				CLANG_ENABLE_OBJC_ARC = YES;
				CLANG_ENABLE_OBJC_WEAK = YES;
				CLANG_WARN_BLOCK_CAPTURE_AUTORELEASING = YES;
				CLANG_WARN_BOOL_CONVERSION = YES;
				CLANG_WARN_COMMA = YES;
				CLANG_WARN_CONSTANT_CONVERSION = YES;
				CLANG_WARN_DEPRECATED_OBJC_IMPLEMENTATIONS = YES;
				CLANG_WARN_DIRECT_OBJC_ISA_USAGE = YES_ERROR;
				CLANG_WARN_DOCUMENTATION_COMMENTS = YES;
				CLANG_WARN_EMPTY_BODY = YES;
				CLANG_WARN_ENUM_CONVERSION = YES;
				CLANG_WARN_INFINITE_RECURSION = YES;
				CLANG_WARN_INT_CONVERSION = YES;
				CLANG_WARN_NON_LITERAL_NULL_CONVERSION = YES;
				CLANG_WARN_OBJC_IMPLICIT_RETAIN_SELF = YES;
				CLANG_WARN_OBJC_LITERAL_CONVERSION = YES;
				CLANG_WARN_OBJC_ROOT_CLASS = YES_ERROR;
				CLANG_WARN_QUOTED_INCLUDE_IN_FRAMEWORK_HEADER = YES;
				CLANG_WARN_RANGE_LOOP_ANALYSIS = YES;
				CLANG_WARN_STRICT_PROTOTYPES = YES;
				CLANG_WARN_SUSPICIOUS_MOVE = YES;
				CLANG_WARN_UNGUARDED_AVAILABILITY = YES_AGGRESSIVE;
				CLANG_WARN_UNREACHABLE_CODE = YES;
				CLANG_WARN__DUPLICATE_METHOD_MATCH = YES;
				COPY_PHASE_STRIP = NO;
				DEBUG_INFORMATION_FORMAT = dwarf;
				ENABLE_STRICT_OBJC_MSGSEND = YES;
				ENABLE_TESTABILITY = YES;
				GCC_C_LANGUAGE_STANDARD = gnu11;
				GCC_DYNAMIC_NO_PIC = NO;
				GCC_NO_COMMON_BLOCKS = YES;
				GCC_OPTIMIZATION_LEVEL = 0;
				GCC_PREPROCESSOR_DEFINITIONS = (
					"DEBUG=1",
					"$(inherited)",
				);
				GCC_WARN_64_TO_32_BIT_CONVERSION = YES;
				GCC_WARN_ABOUT_RETURN_TYPE = YES_ERROR;
				GCC_WARN_UNDECLARED_SELECTOR = YES;
				GCC_WARN_UNINITIALIZED_AUTOS = YES_AGGRESSIVE;
				GCC_WARN_UNUSED_FUNCTION = YES;
				GCC_WARN_UNUSED_VARIABLE = YES;
				IPHONEOS_DEPLOYMENT_TARGET = 15.5;
				MTL_ENABLE_DEBUG_INFO = INCLUDE_SOURCE;
				MTL_FAST_MATH = YES;
				ONLY_ACTIVE_ARCH = YES;
				SDKROOT = iphoneos;
				SWIFT_ACTIVE_COMPILATION_CONDITIONS = DEBUG;
				SWIFT_OPTIMIZATION_LEVEL = "-Onone";
			};
			name = Debug;
		};
		4DCAA5F129093F63007A678B /* Release */ = {
			isa = XCBuildConfiguration;
			buildSettings = {
				ALWAYS_SEARCH_USER_PATHS = NO;
				CLANG_ANALYZER_NONNULL = YES;
				CLANG_ANALYZER_NUMBER_OBJECT_CONVERSION = YES_AGGRESSIVE;
				CLANG_CXX_LANGUAGE_STANDARD = "gnu++17";
				CLANG_ENABLE_MODULES = YES;
				CLANG_ENABLE_OBJC_ARC = YES;
				CLANG_ENABLE_OBJC_WEAK = YES;
				CLANG_WARN_BLOCK_CAPTURE_AUTORELEASING = YES;
				CLANG_WARN_BOOL_CONVERSION = YES;
				CLANG_WARN_COMMA = YES;
				CLANG_WARN_CONSTANT_CONVERSION = YES;
				CLANG_WARN_DEPRECATED_OBJC_IMPLEMENTATIONS = YES;
				CLANG_WARN_DIRECT_OBJC_ISA_USAGE = YES_ERROR;
				CLANG_WARN_DOCUMENTATION_COMMENTS = YES;
				CLANG_WARN_EMPTY_BODY = YES;
				CLANG_WARN_ENUM_CONVERSION = YES;
				CLANG_WARN_INFINITE_RECURSION = YES;
				CLANG_WARN_INT_CONVERSION = YES;
				CLANG_WARN_NON_LITERAL_NULL_CONVERSION = YES;
				CLANG_WARN_OBJC_IMPLICIT_RETAIN_SELF = YES;
				CLANG_WARN_OBJC_LITERAL_CONVERSION = YES;
				CLANG_WARN_OBJC_ROOT_CLASS = YES_ERROR;
				CLANG_WARN_QUOTED_INCLUDE_IN_FRAMEWORK_HEADER = YES;
				CLANG_WARN_RANGE_LOOP_ANALYSIS = YES;
				CLANG_WARN_STRICT_PROTOTYPES = YES;
				CLANG_WARN_SUSPICIOUS_MOVE = YES;
				CLANG_WARN_UNGUARDED_AVAILABILITY = YES_AGGRESSIVE;
				CLANG_WARN_UNREACHABLE_CODE = YES;
				CLANG_WARN__DUPLICATE_METHOD_MATCH = YES;
				COPY_PHASE_STRIP = NO;
				DEBUG_INFORMATION_FORMAT = "dwarf-with-dsym";
				ENABLE_NS_ASSERTIONS = NO;
				ENABLE_STRICT_OBJC_MSGSEND = YES;
				GCC_C_LANGUAGE_STANDARD = gnu11;
				GCC_NO_COMMON_BLOCKS = YES;
				GCC_WARN_64_TO_32_BIT_CONVERSION = YES;
				GCC_WARN_ABOUT_RETURN_TYPE = YES_ERROR;
				GCC_WARN_UNDECLARED_SELECTOR = YES;
				GCC_WARN_UNINITIALIZED_AUTOS = YES_AGGRESSIVE;
				GCC_WARN_UNUSED_FUNCTION = YES;
				GCC_WARN_UNUSED_VARIABLE = YES;
				IPHONEOS_DEPLOYMENT_TARGET = 15.5;
				MTL_ENABLE_DEBUG_INFO = NO;
				MTL_FAST_MATH = YES;
				SDKROOT = iphoneos;
				SWIFT_COMPILATION_MODE = wholemodule;
				SWIFT_OPTIMIZATION_LEVEL = "-O";
				VALIDATE_PRODUCT = YES;
			};
			name = Release;
		};
		4DCAA5F329093F63007A678B /* Debug */ = {
			isa = XCBuildConfiguration;
			buildSettings = {
				ASSETCATALOG_COMPILER_APPICON_NAME = AppIcon;
				ASSETCATALOG_COMPILER_GLOBAL_ACCENT_COLOR_NAME = AccentColor;
				CODE_SIGN_STYLE = Automatic;
				CURRENT_PROJECT_VERSION = 1;
				DEVELOPMENT_ASSET_PATHS = "\"SlotsChallenge/Preview Content\"";
				DEVELOPMENT_TEAM = Y372CC4FQT;
				ENABLE_PREVIEWS = YES;
				GENERATE_INFOPLIST_FILE = YES;
				INFOPLIST_KEY_UIApplicationSceneManifest_Generation = YES;
				INFOPLIST_KEY_UIApplicationSupportsIndirectInputEvents = YES;
				INFOPLIST_KEY_UILaunchScreen_Generation = YES;
				INFOPLIST_KEY_UISupportedInterfaceOrientations_iPad = "UIInterfaceOrientationPortrait UIInterfaceOrientationPortraitUpsideDown UIInterfaceOrientationLandscapeLeft UIInterfaceOrientationLandscapeRight";
				INFOPLIST_KEY_UISupportedInterfaceOrientations_iPhone = "UIInterfaceOrientationPortrait UIInterfaceOrientationLandscapeLeft UIInterfaceOrientationLandscapeRight";
				LD_RUNPATH_SEARCH_PATHS = (
					"$(inherited)",
					"@executable_path/Frameworks",
				);
				MARKETING_VERSION = 1.0;
				PRODUCT_BUNDLE_IDENTIFIER = com.agnesaselimi.SlotsChallenge;
				PRODUCT_NAME = "$(TARGET_NAME)";
				SWIFT_EMIT_LOC_STRINGS = YES;
				SWIFT_VERSION = 5.0;
				TARGETED_DEVICE_FAMILY = "1,2";
			};
			name = Debug;
		};
		4DCAA5F429093F63007A678B /* Release */ = {
			isa = XCBuildConfiguration;
			buildSettings = {
				ASSETCATALOG_COMPILER_APPICON_NAME = AppIcon;
				ASSETCATALOG_COMPILER_GLOBAL_ACCENT_COLOR_NAME = AccentColor;
				CODE_SIGN_STYLE = Automatic;
				CURRENT_PROJECT_VERSION = 1;
				DEVELOPMENT_ASSET_PATHS = "\"SlotsChallenge/Preview Content\"";
				DEVELOPMENT_TEAM = Y372CC4FQT;
				ENABLE_PREVIEWS = YES;
				GENERATE_INFOPLIST_FILE = YES;
				INFOPLIST_KEY_UIApplicationSceneManifest_Generation = YES;
				INFOPLIST_KEY_UIApplicationSupportsIndirectInputEvents = YES;
				INFOPLIST_KEY_UILaunchScreen_Generation = YES;
				INFOPLIST_KEY_UISupportedInterfaceOrientations_iPad = "UIInterfaceOrientationPortrait UIInterfaceOrientationPortraitUpsideDown UIInterfaceOrientationLandscapeLeft UIInterfaceOrientationLandscapeRight";
				INFOPLIST_KEY_UISupportedInterfaceOrientations_iPhone = "UIInterfaceOrientationPortrait UIInterfaceOrientationLandscapeLeft UIInterfaceOrientationLandscapeRight";
				LD_RUNPATH_SEARCH_PATHS = (
					"$(inherited)",
					"@executable_path/Frameworks",
				);
				MARKETING_VERSION = 1.0;
				PRODUCT_BUNDLE_IDENTIFIER = com.agnesaselimi.SlotsChallenge;
				PRODUCT_NAME = "$(TARGET_NAME)";
				SWIFT_EMIT_LOC_STRINGS = YES;
				SWIFT_VERSION = 5.0;
				TARGETED_DEVICE_FAMILY = "1,2";
			};
			name = Release;
		};
		4DCAA5F629093F63007A678B /* Debug */ = {
			isa = XCBuildConfiguration;
			buildSettings = {
				ALWAYS_EMBED_SWIFT_STANDARD_LIBRARIES = YES;
				BUNDLE_LOADER = "$(TEST_HOST)";
				CODE_SIGN_STYLE = Automatic;
				CURRENT_PROJECT_VERSION = 1;
				DEVELOPMENT_TEAM = Y372CC4FQT;
				GENERATE_INFOPLIST_FILE = YES;
				IPHONEOS_DEPLOYMENT_TARGET = 15.5;
				MARKETING_VERSION = 1.0;
				PRODUCT_BUNDLE_IDENTIFIER = com.agnesaselimi.SlotsChallengeTests;
				PRODUCT_NAME = "$(TARGET_NAME)";
				SWIFT_EMIT_LOC_STRINGS = NO;
				SWIFT_VERSION = 5.0;
				TARGETED_DEVICE_FAMILY = "1,2";
				TEST_HOST = "$(BUILT_PRODUCTS_DIR)/SlotsChallenge.app/SlotsChallenge";
			};
			name = Debug;
		};
		4DCAA5F729093F63007A678B /* Release */ = {
			isa = XCBuildConfiguration;
			buildSettings = {
				ALWAYS_EMBED_SWIFT_STANDARD_LIBRARIES = YES;
				BUNDLE_LOADER = "$(TEST_HOST)";
				CODE_SIGN_STYLE = Automatic;
				CURRENT_PROJECT_VERSION = 1;
				DEVELOPMENT_TEAM = Y372CC4FQT;
				GENERATE_INFOPLIST_FILE = YES;
				IPHONEOS_DEPLOYMENT_TARGET = 15.5;
				MARKETING_VERSION = 1.0;
				PRODUCT_BUNDLE_IDENTIFIER = com.agnesaselimi.SlotsChallengeTests;
				PRODUCT_NAME = "$(TARGET_NAME)";
				SWIFT_EMIT_LOC_STRINGS = NO;
				SWIFT_VERSION = 5.0;
				TARGETED_DEVICE_FAMILY = "1,2";
				TEST_HOST = "$(BUILT_PRODUCTS_DIR)/SlotsChallenge.app/SlotsChallenge";
			};
			name = Release;
		};
		4DCAA5F929093F63007A678B /* Debug */ = {
			isa = XCBuildConfiguration;
			buildSettings = {
				ALWAYS_EMBED_SWIFT_STANDARD_LIBRARIES = YES;
				CODE_SIGN_STYLE = Automatic;
				CURRENT_PROJECT_VERSION = 1;
				DEVELOPMENT_TEAM = Y372CC4FQT;
				GENERATE_INFOPLIST_FILE = YES;
				MARKETING_VERSION = 1.0;
				PRODUCT_BUNDLE_IDENTIFIER = com.agnesaselimi.SlotsChallengeUITests;
				PRODUCT_NAME = "$(TARGET_NAME)";
				SWIFT_EMIT_LOC_STRINGS = NO;
				SWIFT_VERSION = 5.0;
				TARGETED_DEVICE_FAMILY = "1,2";
				TEST_TARGET_NAME = SlotsChallenge;
			};
			name = Debug;
		};
		4DCAA5FA29093F63007A678B /* Release */ = {
			isa = XCBuildConfiguration;
			buildSettings = {
				ALWAYS_EMBED_SWIFT_STANDARD_LIBRARIES = YES;
				CODE_SIGN_STYLE = Automatic;
				CURRENT_PROJECT_VERSION = 1;
				DEVELOPMENT_TEAM = Y372CC4FQT;
				GENERATE_INFOPLIST_FILE = YES;
				MARKETING_VERSION = 1.0;
				PRODUCT_BUNDLE_IDENTIFIER = com.agnesaselimi.SlotsChallengeUITests;
				PRODUCT_NAME = "$(TARGET_NAME)";
				SWIFT_EMIT_LOC_STRINGS = NO;
				SWIFT_VERSION = 5.0;
				TARGETED_DEVICE_FAMILY = "1,2";
				TEST_TARGET_NAME = SlotsChallenge;
			};
			name = Release;
		};
/* End XCBuildConfiguration section */

/* Begin XCConfigurationList section */
		4DCAA5C929093F62007A678B /* Build configuration list for PBXProject "SlotsChallenge" */ = {
			isa = XCConfigurationList;
			buildConfigurations = (
				4DCAA5F029093F63007A678B /* Debug */,
				4DCAA5F129093F63007A678B /* Release */,
			);
			defaultConfigurationIsVisible = 0;
			defaultConfigurationName = Release;
		};
		4DCAA5F229093F63007A678B /* Build configuration list for PBXNativeTarget "SlotsChallenge" */ = {
			isa = XCConfigurationList;
			buildConfigurations = (
				4DCAA5F329093F63007A678B /* Debug */,
				4DCAA5F429093F63007A678B /* Release */,
			);
			defaultConfigurationIsVisible = 0;
			defaultConfigurationName = Release;
		};
		4DCAA5F529093F63007A678B /* Build configuration list for PBXNativeTarget "SlotsChallengeTests" */ = {
			isa = XCConfigurationList;
			buildConfigurations = (
				4DCAA5F629093F63007A678B /* Debug */,
				4DCAA5F729093F63007A678B /* Release */,
			);
			defaultConfigurationIsVisible = 0;
			defaultConfigurationName = Release;
		};
		4DCAA5F829093F63007A678B /* Build configuration list for PBXNativeTarget "SlotsChallengeUITests" */ = {
			isa = XCConfigurationList;
			buildConfigurations = (
				4DCAA5F929093F63007A678B /* Debug */,
				4DCAA5FA29093F63007A678B /* Release */,
			);
			defaultConfigurationIsVisible = 0;
			defaultConfigurationName = Release;
		};
/* End XCConfigurationList section */
	};
	rootObject = 4DCAA5C629093F62007A678B /* Project object */;
}
